// !$*UTF8*$!
{
	archiveVersion = 1;
	classes = {
	};
	objectVersion = 46;
	objects = {

/* Begin PBXBuildFile section */
		50E376C81FC58EEC0038770F /* gctb.cpp in Sources */ = {isa = PBXBuildFile; fileRef = 50E376AE1FC58EEC0038770F /* gctb.cpp */; };
		50E376C91FC58EEC0038770F /* data.cpp in Sources */ = {isa = PBXBuildFile; fileRef = 50E376B01FC58EEC0038770F /* data.cpp */; };
		50E376CA1FC58EEC0038770F /* gadgets.cpp in Sources */ = {isa = PBXBuildFile; fileRef = 50E376B21FC58EEC0038770F /* gadgets.cpp */; };
		50E376CB1FC58EEC0038770F /* hsq.cpp in Sources */ = {isa = PBXBuildFile; fileRef = 50E376B41FC58EEC0038770F /* hsq.cpp */; };
		50E376CC1FC58EEC0038770F /* main.cpp in Sources */ = {isa = PBXBuildFile; fileRef = 50E376B61FC58EEC0038770F /* main.cpp */; };
		50E376CE1FC58EEC0038770F /* mcmc.cpp in Sources */ = {isa = PBXBuildFile; fileRef = 50E376B81FC58EEC0038770F /* mcmc.cpp */; };
		50E376CF1FC58EEC0038770F /* model.cpp in Sources */ = {isa = PBXBuildFile; fileRef = 50E376BA1FC58EEC0038770F /* model.cpp */; };
		50E376D01FC58EEC0038770F /* mympi.cpp in Sources */ = {isa = PBXBuildFile; fileRef = 50E376BC1FC58EEC0038770F /* mympi.cpp */; };
		50E376D11FC58EEC0038770F /* options.cpp in Sources */ = {isa = PBXBuildFile; fileRef = 50E376BE1FC58EEC0038770F /* options.cpp */; };
		50E376D21FC58EEC0038770F /* predict.cpp in Sources */ = {isa = PBXBuildFile; fileRef = 50E376C01FC58EEC0038770F /* predict.cpp */; };
		50E376D31FC58EEC0038770F /* stat.cpp in Sources */ = {isa = PBXBuildFile; fileRef = 50E376C21FC58EEC0038770F /* stat.cpp */; };
		50E376D41FC58EEC0038770F /* vgmaf.cpp in Sources */ = {isa = PBXBuildFile; fileRef = 50E376C41FC58EEC0038770F /* vgmaf.cpp */; };
		50E376D51FC58EEC0038770F /* xci.cpp in Sources */ = {isa = PBXBuildFile; fileRef = 50E376C61FC58EEC0038770F /* xci.cpp */; };
		50E376D71FC596B60038770F /* libiomp5.dylib in Frameworks */ = {isa = PBXBuildFile; fileRef = 50E376D61FC596B60038770F /* libiomp5.dylib */; };
		50E376D91FC5981A0038770F /* libmpi_cxx.1.dylib in Frameworks */ = {isa = PBXBuildFile; fileRef = 50E376D81FC5981A0038770F /* libmpi_cxx.1.dylib */; };
/* End PBXBuildFile section */

/* Begin PBXCopyFilesBuildPhase section */
		50E3767D1FC585380038770F /* CopyFiles */ = {
			isa = PBXCopyFilesBuildPhase;
			buildActionMask = 2147483647;
			dstPath = /usr/share/man/man1/;
			dstSubfolderSpec = 0;
			files = (
			);
			runOnlyForDeploymentPostprocessing = 1;
		};
/* End PBXCopyFilesBuildPhase section */

/* Begin PBXFileReference section */
		50E3767F1FC585380038770F /* gctb */ = {isa = PBXFileReference; explicitFileType = "compiled.mach-o.executable"; includeInIndex = 0; path = gctb; sourceTree = BUILT_PRODUCTS_DIR; };
		50E376AE1FC58EEC0038770F /* gctb.cpp */ = {isa = PBXFileReference; fileEncoding = 4; lastKnownFileType = sourcecode.cpp.cpp; name = gctb.cpp; path = scr/gctb.cpp; sourceTree = SOURCE_ROOT; };
		50E376AF1FC58EEC0038770F /* gctb.hpp */ = {isa = PBXFileReference; fileEncoding = 4; lastKnownFileType = sourcecode.cpp.h; name = gctb.hpp; path = scr/gctb.hpp; sourceTree = SOURCE_ROOT; };
		50E376B01FC58EEC0038770F /* data.cpp */ = {isa = PBXFileReference; fileEncoding = 4; lastKnownFileType = sourcecode.cpp.cpp; name = data.cpp; path = scr/data.cpp; sourceTree = SOURCE_ROOT; };
		50E376B11FC58EEC0038770F /* data.hpp */ = {isa = PBXFileReference; fileEncoding = 4; lastKnownFileType = sourcecode.cpp.h; name = data.hpp; path = scr/data.hpp; sourceTree = SOURCE_ROOT; };
		50E376B21FC58EEC0038770F /* gadgets.cpp */ = {isa = PBXFileReference; fileEncoding = 4; lastKnownFileType = sourcecode.cpp.cpp; name = gadgets.cpp; path = scr/gadgets.cpp; sourceTree = SOURCE_ROOT; };
		50E376B31FC58EEC0038770F /* gadgets.hpp */ = {isa = PBXFileReference; fileEncoding = 4; lastKnownFileType = sourcecode.cpp.h; name = gadgets.hpp; path = scr/gadgets.hpp; sourceTree = SOURCE_ROOT; };
		50E376B41FC58EEC0038770F /* hsq.cpp */ = {isa = PBXFileReference; fileEncoding = 4; lastKnownFileType = sourcecode.cpp.cpp; name = hsq.cpp; path = scr/hsq.cpp; sourceTree = SOURCE_ROOT; };
		50E376B51FC58EEC0038770F /* hsq.hpp */ = {isa = PBXFileReference; fileEncoding = 4; lastKnownFileType = sourcecode.cpp.h; name = hsq.hpp; path = scr/hsq.hpp; sourceTree = SOURCE_ROOT; };
		50E376B61FC58EEC0038770F /* main.cpp */ = {isa = PBXFileReference; fileEncoding = 4; lastKnownFileType = sourcecode.cpp.cpp; name = main.cpp; path = scr/main.cpp; sourceTree = SOURCE_ROOT; };
		50E376B81FC58EEC0038770F /* mcmc.cpp */ = {isa = PBXFileReference; fileEncoding = 4; lastKnownFileType = sourcecode.cpp.cpp; name = mcmc.cpp; path = scr/mcmc.cpp; sourceTree = SOURCE_ROOT; };
		50E376B91FC58EEC0038770F /* mcmc.hpp */ = {isa = PBXFileReference; fileEncoding = 4; lastKnownFileType = sourcecode.cpp.h; name = mcmc.hpp; path = scr/mcmc.hpp; sourceTree = SOURCE_ROOT; };
		50E376BA1FC58EEC0038770F /* model.cpp */ = {isa = PBXFileReference; fileEncoding = 4; lastKnownFileType = sourcecode.cpp.cpp; name = model.cpp; path = scr/model.cpp; sourceTree = SOURCE_ROOT; };
		50E376BB1FC58EEC0038770F /* model.hpp */ = {isa = PBXFileReference; fileEncoding = 4; lastKnownFileType = sourcecode.cpp.h; name = model.hpp; path = scr/model.hpp; sourceTree = SOURCE_ROOT; };
		50E376BC1FC58EEC0038770F /* mympi.cpp */ = {isa = PBXFileReference; fileEncoding = 4; lastKnownFileType = sourcecode.cpp.cpp; name = mympi.cpp; path = scr/mympi.cpp; sourceTree = SOURCE_ROOT; };
		50E376BD1FC58EEC0038770F /* mympi.hpp */ = {isa = PBXFileReference; fileEncoding = 4; lastKnownFileType = sourcecode.cpp.h; name = mympi.hpp; path = scr/mympi.hpp; sourceTree = SOURCE_ROOT; };
		50E376BE1FC58EEC0038770F /* options.cpp */ = {isa = PBXFileReference; fileEncoding = 4; lastKnownFileType = sourcecode.cpp.cpp; name = options.cpp; path = scr/options.cpp; sourceTree = SOURCE_ROOT; };
		50E376BF1FC58EEC0038770F /* options.hpp */ = {isa = PBXFileReference; fileEncoding = 4; lastKnownFileType = sourcecode.cpp.h; name = options.hpp; path = scr/options.hpp; sourceTree = SOURCE_ROOT; };
		50E376C01FC58EEC0038770F /* predict.cpp */ = {isa = PBXFileReference; fileEncoding = 4; lastKnownFileType = sourcecode.cpp.cpp; name = predict.cpp; path = scr/predict.cpp; sourceTree = SOURCE_ROOT; };
		50E376C11FC58EEC0038770F /* predict.hpp */ = {isa = PBXFileReference; fileEncoding = 4; lastKnownFileType = sourcecode.cpp.h; name = predict.hpp; path = scr/predict.hpp; sourceTree = SOURCE_ROOT; };
		50E376C21FC58EEC0038770F /* stat.cpp */ = {isa = PBXFileReference; fileEncoding = 4; lastKnownFileType = sourcecode.cpp.cpp; name = stat.cpp; path = scr/stat.cpp; sourceTree = SOURCE_ROOT; };
		50E376C31FC58EEC0038770F /* stat.hpp */ = {isa = PBXFileReference; fileEncoding = 4; lastKnownFileType = sourcecode.cpp.h; name = stat.hpp; path = scr/stat.hpp; sourceTree = SOURCE_ROOT; };
		50E376C41FC58EEC0038770F /* vgmaf.cpp */ = {isa = PBXFileReference; fileEncoding = 4; lastKnownFileType = sourcecode.cpp.cpp; name = vgmaf.cpp; path = scr/vgmaf.cpp; sourceTree = SOURCE_ROOT; };
		50E376C51FC58EEC0038770F /* vgmaf.hpp */ = {isa = PBXFileReference; fileEncoding = 4; lastKnownFileType = sourcecode.cpp.h; name = vgmaf.hpp; path = scr/vgmaf.hpp; sourceTree = SOURCE_ROOT; };
		50E376C61FC58EEC0038770F /* xci.cpp */ = {isa = PBXFileReference; fileEncoding = 4; lastKnownFileType = sourcecode.cpp.cpp; name = xci.cpp; path = scr/xci.cpp; sourceTree = SOURCE_ROOT; };
		50E376C71FC58EEC0038770F /* xci.hpp */ = {isa = PBXFileReference; fileEncoding = 4; lastKnownFileType = sourcecode.cpp.h; name = xci.hpp; path = scr/xci.hpp; sourceTree = SOURCE_ROOT; };
		50E376D61FC596B60038770F /* libiomp5.dylib */ = {isa = PBXFileReference; lastKnownFileType = "compiled.mach-o.dylib"; name = libiomp5.dylib; path = ../../../../usr/local/Cellar/libiomp/20150701/lib/libiomp5.dylib; sourceTree = "<group>"; };
		50E376D81FC5981A0038770F /* libmpi_cxx.1.dylib */ = {isa = PBXFileReference; lastKnownFileType = "compiled.mach-o.dylib"; name = libmpi_cxx.1.dylib; path = "../../../../usr/local/Cellar/open-mpi/1.10.3/lib/libmpi_cxx.1.dylib"; sourceTree = "<group>"; };
/* End PBXFileReference section */

/* Begin PBXFrameworksBuildPhase section */
		50E3767C1FC585380038770F /* Frameworks */ = {
			isa = PBXFrameworksBuildPhase;
			buildActionMask = 2147483647;
			files = (
				50E376D91FC5981A0038770F /* libmpi_cxx.1.dylib in Frameworks */,
				50E376D71FC596B60038770F /* libiomp5.dylib in Frameworks */,
			);
			runOnlyForDeploymentPostprocessing = 0;
		};
/* End PBXFrameworksBuildPhase section */

/* Begin PBXGroup section */
		50E376761FC585380038770F = {
			isa = PBXGroup;
			children = (
				50E376D81FC5981A0038770F /* libmpi_cxx.1.dylib */,
				50E376D61FC596B60038770F /* libiomp5.dylib */,
				50E376811FC585380038770F /* scr */,
				50E376801FC585380038770F /* Products */,
			);
			sourceTree = "<group>";
		};
		50E376801FC585380038770F /* Products */ = {
			isa = PBXGroup;
			children = (
				50E3767F1FC585380038770F /* gctb */,
			);
			name = Products;
			sourceTree = "<group>";
		};
		50E376811FC585380038770F /* scr */ = {
			isa = PBXGroup;
			children = (
				50E376AE1FC58EEC0038770F /* gctb.cpp */,
				50E376AF1FC58EEC0038770F /* gctb.hpp */,
				50E376B01FC58EEC0038770F /* data.cpp */,
				50E376B11FC58EEC0038770F /* data.hpp */,
				50E376B21FC58EEC0038770F /* gadgets.cpp */,
				50E376B31FC58EEC0038770F /* gadgets.hpp */,
				50E376B41FC58EEC0038770F /* hsq.cpp */,
				50E376B51FC58EEC0038770F /* hsq.hpp */,
				50E376B61FC58EEC0038770F /* main.cpp */,
				50E376B81FC58EEC0038770F /* mcmc.cpp */,
				50E376B91FC58EEC0038770F /* mcmc.hpp */,
				50E376BA1FC58EEC0038770F /* model.cpp */,
				50E376BB1FC58EEC0038770F /* model.hpp */,
				50E376BC1FC58EEC0038770F /* mympi.cpp */,
				50E376BD1FC58EEC0038770F /* mympi.hpp */,
				50E376BE1FC58EEC0038770F /* options.cpp */,
				50E376BF1FC58EEC0038770F /* options.hpp */,
				50E376C01FC58EEC0038770F /* predict.cpp */,
				50E376C11FC58EEC0038770F /* predict.hpp */,
				50E376C21FC58EEC0038770F /* stat.cpp */,
				50E376C31FC58EEC0038770F /* stat.hpp */,
				50E376C41FC58EEC0038770F /* vgmaf.cpp */,
				50E376C51FC58EEC0038770F /* vgmaf.hpp */,
				50E376C61FC58EEC0038770F /* xci.cpp */,
				50E376C71FC58EEC0038770F /* xci.hpp */,
			);
			name = scr;
			path = gctb;
			sourceTree = "<group>";
		};
/* End PBXGroup section */

/* Begin PBXNativeTarget section */
		50E3767E1FC585380038770F /* gctb */ = {
			isa = PBXNativeTarget;
			buildConfigurationList = 50E376861FC585380038770F /* Build configuration list for PBXNativeTarget "gctb" */;
			buildPhases = (
				50E3767B1FC585380038770F /* Sources */,
				50E3767C1FC585380038770F /* Frameworks */,
				50E3767D1FC585380038770F /* CopyFiles */,
			);
			buildRules = (
			);
			dependencies = (
			);
			name = gctb;
			productName = gctb;
			productReference = 50E3767F1FC585380038770F /* gctb */;
			productType = "com.apple.product-type.tool";
		};
/* End PBXNativeTarget section */

/* Begin PBXProject section */
		50E376771FC585380038770F /* Project object */ = {
			isa = PBXProject;
			attributes = {
				LastUpgradeCheck = 0730;
				ORGANIZATIONNAME = "Jian Zeng";
				TargetAttributes = {
					50E3767E1FC585380038770F = {
						CreatedOnToolsVersion = 7.3.1;
					};
				};
			};
			buildConfigurationList = 50E3767A1FC585380038770F /* Build configuration list for PBXProject "gctb" */;
			compatibilityVersion = "Xcode 3.2";
			developmentRegion = English;
			hasScannedForEncodings = 0;
			knownRegions = (
				en,
			);
			mainGroup = 50E376761FC585380038770F;
			productRefGroup = 50E376801FC585380038770F /* Products */;
			projectDirPath = "";
			projectRoot = "";
			targets = (
				50E3767E1FC585380038770F /* gctb */,
			);
		};
/* End PBXProject section */

/* Begin PBXSourcesBuildPhase section */
		50E3767B1FC585380038770F /* Sources */ = {
			isa = PBXSourcesBuildPhase;
			buildActionMask = 2147483647;
			files = (
				50E376CB1FC58EEC0038770F /* hsq.cpp in Sources */,
				50E376D41FC58EEC0038770F /* vgmaf.cpp in Sources */,
				50E376D01FC58EEC0038770F /* mympi.cpp in Sources */,
				50E376CE1FC58EEC0038770F /* mcmc.cpp in Sources */,
				50E376CF1FC58EEC0038770F /* model.cpp in Sources */,
				50E376D31FC58EEC0038770F /* stat.cpp in Sources */,
				50E376C81FC58EEC0038770F /* gctb.cpp in Sources */,
				50E376D11FC58EEC0038770F /* options.cpp in Sources */,
				50E376D21FC58EEC0038770F /* predict.cpp in Sources */,
				50E376CA1FC58EEC0038770F /* gadgets.cpp in Sources */,
				50E376CC1FC58EEC0038770F /* main.cpp in Sources */,
				50E376D51FC58EEC0038770F /* xci.cpp in Sources */,
				50E376C91FC58EEC0038770F /* data.cpp in Sources */,
			);
			runOnlyForDeploymentPostprocessing = 0;
		};
/* End PBXSourcesBuildPhase section */

/* Begin XCBuildConfiguration section */
		50E376841FC585380038770F /* Debug */ = {
			isa = XCBuildConfiguration;
			buildSettings = {
				ALWAYS_SEARCH_USER_PATHS = NO;
				CLANG_ANALYZER_NONNULL = YES;
				CLANG_CXX_LANGUAGE_STANDARD = "gnu++0x";
				CLANG_CXX_LIBRARY = "libc++";
				CLANG_ENABLE_MODULES = YES;
				CLANG_ENABLE_OBJC_ARC = YES;
				CLANG_WARN_BOOL_CONVERSION = YES;
				CLANG_WARN_CONSTANT_CONVERSION = YES;
				CLANG_WARN_DIRECT_OBJC_ISA_USAGE = YES_ERROR;
				CLANG_WARN_EMPTY_BODY = YES;
				CLANG_WARN_ENUM_CONVERSION = YES;
				CLANG_WARN_INT_CONVERSION = YES;
				CLANG_WARN_OBJC_ROOT_CLASS = YES_ERROR;
				CLANG_WARN_UNREACHABLE_CODE = YES;
				CLANG_WARN__DUPLICATE_METHOD_MATCH = YES;
				CODE_SIGN_IDENTITY = "-";
				COPY_PHASE_STRIP = NO;
				DEBUG_INFORMATION_FORMAT = dwarf;
				ENABLE_STRICT_OBJC_MSGSEND = YES;
				ENABLE_TESTABILITY = YES;
				GCC_C_LANGUAGE_STANDARD = gnu99;
				GCC_DYNAMIC_NO_PIC = NO;
				GCC_NO_COMMON_BLOCKS = YES;
				GCC_OPTIMIZATION_LEVEL = 0;
				GCC_PREPROCESSOR_DEFINITIONS = (
					"DEBUG=1",
					"$(inherited)",
				);
				GCC_WARN_64_TO_32_BIT_CONVERSION = YES;
				GCC_WARN_ABOUT_RETURN_TYPE = YES_ERROR;
				GCC_WARN_UNDECLARED_SELECTOR = YES;
				GCC_WARN_UNINITIALIZED_AUTOS = YES_AGGRESSIVE;
				GCC_WARN_UNUSED_FUNCTION = YES;
				GCC_WARN_UNUSED_VARIABLE = YES;
				MACOSX_DEPLOYMENT_TARGET = 10.11;
				MTL_ENABLE_DEBUG_INFO = YES;
				ONLY_ACTIVE_ARCH = YES;
				SDKROOT = macosx;
			};
			name = Debug;
		};
		50E376851FC585380038770F /* Release */ = {
			isa = XCBuildConfiguration;
			buildSettings = {
				ALWAYS_SEARCH_USER_PATHS = NO;
				CLANG_ANALYZER_NONNULL = YES;
				CLANG_CXX_LANGUAGE_STANDARD = "gnu++0x";
				CLANG_CXX_LIBRARY = "libc++";
				CLANG_ENABLE_MODULES = YES;
				CLANG_ENABLE_OBJC_ARC = YES;
				CLANG_WARN_BOOL_CONVERSION = YES;
				CLANG_WARN_CONSTANT_CONVERSION = YES;
				CLANG_WARN_DIRECT_OBJC_ISA_USAGE = YES_ERROR;
				CLANG_WARN_EMPTY_BODY = YES;
				CLANG_WARN_ENUM_CONVERSION = YES;
				CLANG_WARN_INT_CONVERSION = YES;
				CLANG_WARN_OBJC_ROOT_CLASS = YES_ERROR;
				CLANG_WARN_UNREACHABLE_CODE = YES;
				CLANG_WARN__DUPLICATE_METHOD_MATCH = YES;
				CODE_SIGN_IDENTITY = "-";
				COPY_PHASE_STRIP = NO;
				DEBUG_INFORMATION_FORMAT = "dwarf-with-dsym";
				ENABLE_NS_ASSERTIONS = NO;
				ENABLE_STRICT_OBJC_MSGSEND = YES;
				GCC_C_LANGUAGE_STANDARD = gnu99;
				GCC_NO_COMMON_BLOCKS = YES;
				GCC_WARN_64_TO_32_BIT_CONVERSION = YES;
				GCC_WARN_ABOUT_RETURN_TYPE = YES_ERROR;
				GCC_WARN_UNDECLARED_SELECTOR = YES;
				GCC_WARN_UNINITIALIZED_AUTOS = YES_AGGRESSIVE;
				GCC_WARN_UNUSED_FUNCTION = YES;
				GCC_WARN_UNUSED_VARIABLE = YES;
				MACOSX_DEPLOYMENT_TARGET = 10.11;
				MTL_ENABLE_DEBUG_INFO = NO;
				SDKROOT = macosx;
			};
			name = Release;
		};
		50E376871FC585380038770F /* Debug */ = {
			isa = XCBuildConfiguration;
			buildSettings = {
				CC = "/usr/local/bin/clang-omp";
				CLANG_ENABLE_MODULES = NO;
				HEADER_SEARCH_PATHS = (
					..,
					../Eigen3,
					/usr/local/include,
					/usr/local/include/libiomp,
				);
				LIBRARY_SEARCH_PATHS = (
					/usr/local/lib,
					/usr/local/Cellar/libiomp/20150701/lib,
					"/usr/local/Cellar/open-mpi/1.10.3/lib",
				);
				ONLY_ACTIVE_ARCH = YES;
				OTHER_CFLAGS = "-fopenmp";
				OTHER_LDFLAGS = (
					"-lmpi",
					"-lm",
				);
				PRODUCT_NAME = "$(TARGET_NAME)";
			};
			name = Debug;
		};
		50E376881FC585380038770F /* Release */ = {
			isa = XCBuildConfiguration;
			buildSettings = {
				CC = "/usr/local/bin/clang-omp";
				CLANG_ENABLE_MODULES = NO;
				HEADER_SEARCH_PATHS = (
					..,
					../Eigen3,
					/usr/local/include,
					/usr/local/include/libiomp,
				);
				LIBRARY_SEARCH_PATHS = (
					/usr/local/lib,
					/usr/local/Cellar/libiomp/20150701/lib,
					"/usr/local/Cellar/open-mpi/1.10.3/lib",
				);
				ONLY_ACTIVE_ARCH = YES;
				OTHER_CFLAGS = "-fopenmp";
				OTHER_LDFLAGS = (
					"-lmpi",
					"-lm",
				);
				PRODUCT_NAME = "$(TARGET_NAME)";
			};
			name = Release;
		};
/* End XCBuildConfiguration section */

/* Begin XCConfigurationList section */
		50E3767A1FC585380038770F /* Build configuration list for PBXProject "gctb" */ = {
			isa = XCConfigurationList;
			buildConfigurations = (
				50E376841FC585380038770F /* Debug */,
				50E376851FC585380038770F /* Release */,
			);
			defaultConfigurationIsVisible = 0;
			defaultConfigurationName = Release;
		};
		50E376861FC585380038770F /* Build configuration list for PBXNativeTarget "gctb" */ = {
			isa = XCConfigurationList;
			buildConfigurations = (
				50E376871FC585380038770F /* Debug */,
				50E376881FC585380038770F /* Release */,
			);
			defaultConfigurationIsVisible = 0;
		};
/* End XCConfigurationList section */
	};
	rootObject = 50E376771FC585380038770F /* Project object */;
}
